
Microsoft Visual Studio Solution File, Format Version 12.00
# Visual Studio Version 17
VisualStudioVersion = 17.12.35527.113
MinimumVisualStudioVersion = 10.0.40219.1
Project("{FAE04EC0-301F-11D3-BF4B-00C04F79EFBC}") = "Domain", "Domain\Domain.csproj", "{FBAE2191-5E98-46C2-BD5E-75E6145D503A}"
EndProject
Project("{FAE04EC0-301F-11D3-BF4B-00C04F79EFBC}") = "Infrastructure", "Infrastructure\Infrastructure.csproj", "{44AB834F-B1A1-4FCA-8E8B-DC4ED60DC61C}"
EndProject
Project("{FAE04EC0-301F-11D3-BF4B-00C04F79EFBC}") = "Application", "Application\Application.csproj", "{BF4C203E-F581-4DB4-B677-BC138845344E}"
EndProject
Project("{FAE04EC0-301F-11D3-BF4B-00C04F79EFBC}") = "Presentation", "Presentation\Presentation.csproj", "{1ED6624E-3A1B-46A4-85AB-982E50E73887}"
EndProject
Project("{2150E333-8FDC-42A3-9474-1A3956D46DE8}") = "Solution Items", "Solution Items", "{27E4A8EA-28A5-4CC7-AD73-B711B9215F36}"
	ProjectSection(SolutionItems) = preProject
		.gitignore = .gitignore
	EndProjectSection
EndProject
Global
	GlobalSection(SolutionConfigurationPlatforms) = preSolution
		Debug|Any CPU = Debug|Any CPU
		Debug|x64 = Debug|x64
		Debug|x86 = Debug|x86
		Release|Any CPU = Release|Any CPU
		Release|x64 = Release|x64
		Release|x86 = Release|x86
	EndGlobalSection
	GlobalSection(ProjectConfigurationPlatforms) = postSolution
		{FBAE2191-5E98-46C2-BD5E-75E6145D503A}.Debug|Any CPU.ActiveCfg = Debug|Any CPU
		{FBAE2191-5E98-46C2-BD5E-75E6145D503A}.Debug|Any CPU.Build.0 = Debug|Any CPU
		{FBAE2191-5E98-46C2-BD5E-75E6145D503A}.Debug|x64.ActiveCfg = Debug|Any CPU
		{FBAE2191-5E98-46C2-BD5E-75E6145D503A}.Debug|x64.Build.0 = Debug|Any CPU
		{FBAE2191-5E98-46C2-BD5E-75E6145D503A}.Debug|x86.ActiveCfg = Debug|Any CPU
		{FBAE2191-5E98-46C2-BD5E-75E6145D503A}.Debug|x86.Build.0 = Debug|Any CPU
		{FBAE2191-5E98-46C2-BD5E-75E6145D503A}.Release|Any CPU.ActiveCfg = Release|Any CPU
		{FBAE2191-5E98-46C2-BD5E-75E6145D503A}.Release|Any CPU.Build.0 = Release|Any CPU
		{FBAE2191-5E98-46C2-BD5E-75E6145D503A}.Release|x64.ActiveCfg = Release|Any CPU
		{FBAE2191-5E98-46C2-BD5E-75E6145D503A}.Release|x64.Build.0 = Release|Any CPU
		{FBAE2191-5E98-46C2-BD5E-75E6145D503A}.Release|x86.ActiveCfg = Release|Any CPU
		{FBAE2191-5E98-46C2-BD5E-75E6145D503A}.Release|x86.Build.0 = Release|Any CPU
		{44AB834F-B1A1-4FCA-8E8B-DC4ED60DC61C}.Debug|Any CPU.ActiveCfg = Debug|Any CPU
		{44AB834F-B1A1-4FCA-8E8B-DC4ED60DC61C}.Debug|Any CPU.Build.0 = Debug|Any CPU
		{44AB834F-B1A1-4FCA-8E8B-DC4ED60DC61C}.Debug|x64.ActiveCfg = Debug|Any CPU
		{44AB834F-B1A1-4FCA-8E8B-DC4ED60DC61C}.Debug|x64.Build.0 = Debug|Any CPU
		{44AB834F-B1A1-4FCA-8E8B-DC4ED60DC61C}.Debug|x86.ActiveCfg = Debug|Any CPU
		{44AB834F-B1A1-4FCA-8E8B-DC4ED60DC61C}.Debug|x86.Build.0 = Debug|Any CPU
		{44AB834F-B1A1-4FCA-8E8B-DC4ED60DC61C}.Release|Any CPU.ActiveCfg = Release|Any CPU
		{44AB834F-B1A1-4FCA-8E8B-DC4ED60DC61C}.Release|Any CPU.Build.0 = Release|Any CPU
		{44AB834F-B1A1-4FCA-8E8B-DC4ED60DC61C}.Release|x64.ActiveCfg = Release|Any CPU
		{44AB834F-B1A1-4FCA-8E8B-DC4ED60DC61C}.Release|x64.Build.0 = Release|Any CPU
		{44AB834F-B1A1-4FCA-8E8B-DC4ED60DC61C}.Release|x86.ActiveCfg = Release|Any CPU
		{44AB834F-B1A1-4FCA-8E8B-DC4ED60DC61C}.Release|x86.Build.0 = Release|Any CPU
		{BF4C203E-F581-4DB4-B677-BC138845344E}.Debug|Any CPU.ActiveCfg = Debug|Any CPU
		{BF4C203E-F581-4DB4-B677-BC138845344E}.Debug|Any CPU.Build.0 = Debug|Any CPU
		{BF4C203E-F581-4DB4-B677-BC138845344E}.Debug|x64.ActiveCfg = Debug|Any CPU
		{BF4C203E-F581-4DB4-B677-BC138845344E}.Debug|x64.Build.0 = Debug|Any CPU
		{BF4C203E-F581-4DB4-B677-BC138845344E}.Debug|x86.ActiveCfg = Debug|Any CPU
		{BF4C203E-F581-4DB4-B677-BC138845344E}.Debug|x86.Build.0 = Debug|Any CPU
		{BF4C203E-F581-4DB4-B677-BC138845344E}.Release|Any CPU.ActiveCfg = Release|Any CPU
		{BF4C203E-F581-4DB4-B677-BC138845344E}.Release|Any CPU.Build.0 = Release|Any CPU
		{BF4C203E-F581-4DB4-B677-BC138845344E}.Release|x64.ActiveCfg = Release|Any CPU
		{BF4C203E-F581-4DB4-B677-BC138845344E}.Release|x64.Build.0 = Release|Any CPU
		{BF4C203E-F581-4DB4-B677-BC138845344E}.Release|x86.ActiveCfg = Release|Any CPU
		{BF4C203E-F581-4DB4-B677-BC138845344E}.Release|x86.Build.0 = Release|Any CPU
		{1ED6624E-3A1B-46A4-85AB-982E50E73887}.Debug|Any CPU.ActiveCfg = Debug|Any CPU
		{1ED6624E-3A1B-46A4-85AB-982E50E73887}.Debug|Any CPU.Build.0 = Debug|Any CPU
		{1ED6624E-3A1B-46A4-85AB-982E50E73887}.Debug|x64.ActiveCfg = Debug|Any CPU
		{1ED6624E-3A1B-46A4-85AB-982E50E73887}.Debug|x64.Build.0 = Debug|Any CPU
		{1ED6624E-3A1B-46A4-85AB-982E50E73887}.Debug|x86.ActiveCfg = Debug|Any CPU
		{1ED6624E-3A1B-46A4-85AB-982E50E73887}.Debug|x86.Build.0 = Debug|Any CPU
		{1ED6624E-3A1B-46A4-85AB-982E50E73887}.Release|Any CPU.ActiveCfg = Release|Any CPU
		{1ED6624E-3A1B-46A4-85AB-982E50E73887}.Release|Any CPU.Build.0 = Release|Any CPU
		{1ED6624E-3A1B-46A4-85AB-982E50E73887}.Release|x64.ActiveCfg = Release|Any CPU
		{1ED6624E-3A1B-46A4-85AB-982E50E73887}.Release|x64.Build.0 = Release|Any CPU
		{1ED6624E-3A1B-46A4-85AB-982E50E73887}.Release|x86.ActiveCfg = Release|Any CPU
		{1ED6624E-3A1B-46A4-85AB-982E50E73887}.Release|x86.Build.0 = Release|Any CPU
	EndGlobalSection
	GlobalSection(SolutionProperties) = preSolution
		HideSolutionNode = FALSE
	EndGlobalSection
EndGlobal
